# This file is automatically @generated by Cargo.
# It is not intended for manual editing.
version = 4

[[package]]
name = "app-core"
version = "0.1.0"
dependencies = [
 "transport-webrtc",
]

[[package]]
name = "capture-linux"
version = "0.1.0"

[[package]]
name = "capture-macos"
version = "0.1.0"

[[package]]
name = "p2p-cli"
version = "0.1.0"
dependencies = [
 "app-core",
]

[[package]]
name = "signaling-server"
version = "0.1.0"
dependencies = [
 "app-core",
]

[[package]]
name = "transport-webrtc"
version = "0.1.0"
